
Microsoft Visual Studio Solution File, Format Version 12.00
# Visual Studio Version 17
VisualStudioVersion = 17.10.35027.167
MinimumVisualStudioVersion = 10.0.40219.1
Project("{FAE04EC0-301F-11D3-BF4B-00C04F79EFBC}") = "problem6", "problem6\problem6.csproj", "{BC8BA678-D0FD-43D9-BF80-8B34CC3F4B30}"
EndProject
Global
	GlobalSection(SolutionConfigurationPlatforms) = preSolution
		Debug|Any CPU = Debug|Any CPU
		Release|Any CPU = Release|Any CPU
	EndGlobalSection
	GlobalSection(ProjectConfigurationPlatforms) = postSolution
		{BC8BA678-D0FD-43D9-BF80-8B34CC3F4B30}.Debug|Any CPU.ActiveCfg = Debug|Any CPU
		{BC8BA678-D0FD-43D9-BF80-8B34CC3F4B30}.Debug|Any CPU.Build.0 = Debug|Any CPU
		{BC8BA678-D0FD-43D9-BF80-8B34CC3F4B30}.Release|Any CPU.ActiveCfg = Release|Any CPU
		{BC8BA678-D0FD-43D9-BF80-8B34CC3F4B30}.Release|Any CPU.Build.0 = Release|Any CPU
	EndGlobalSection
	GlobalSection(SolutionProperties) = preSolution
		HideSolutionNode = FALSE
	EndGlobalSection
	GlobalSection(ExtensibilityGlobals) = postSolution
		SolutionGuid = {599E3A0E-06A1-4F1F-82AE-D5E53746C550}
	EndGlobalSection
EndGlobal
